
Microsoft Visual Studio Solution File, Format Version 12.00
# Visual Studio Version 17
VisualStudioVersion = 17.3.32929.385
MinimumVisualStudioVersion = 15.0.26124.0
Project("{9A19103F-16F7-4668-BE54-9A1E7A4F7556}") = "InformacionnayaSistema.Objects", "Objects\InformacionnayaSistema.Objects.csproj", "{52FB6721-342C-4AFE-A753-4D815FC224EB}"
EndProject
Project("{9A19103F-16F7-4668-BE54-9A1E7A4F7556}") = "InformacionnayaSistema.Tests", "Tests\InformacionnayaSistema.Tests.csproj", "{4C491C9B-311A-4AFE-90CE-FA6D39F8DD82}"
EndProject
Project("{9A19103F-16F7-4668-BE54-9A1E7A4F7556}") = "InformacionnayaSistema.ODataBackend", "ODataBackend\InformacionnayaSistema.ODataBackend.csproj", "{749A8D7D-391C-44EE-AA6C-D5EDB4CC5162}"
EndProject
Project("{9A19103F-16F7-4668-BE54-9A1E7A4F7556}") = "InformacionnayaSistema.IntegrationTests", "IntegrationTests\InformacionnayaSistema.IntegrationTests.csproj", "{4371C44C-9885-47FF-8EA5-263B320CABEA}"
EndProject
Global
	GlobalSection(SolutionConfigurationPlatforms) = preSolution
		Debug|Any CPU = Debug|Any CPU
		Release|Any CPU = Release|Any CPU
	EndGlobalSection
	GlobalSection(ProjectConfigurationPlatforms) = postSolution
		{52FB6721-342C-4AFE-A753-4D815FC224EB}.Debug|Any CPU.ActiveCfg = Debug|Any CPU
		{52FB6721-342C-4AFE-A753-4D815FC224EB}.Debug|Any CPU.Build.0 = Debug|Any CPU
		{52FB6721-342C-4AFE-A753-4D815FC224EB}.Release|Any CPU.ActiveCfg = Release|Any CPU
		{52FB6721-342C-4AFE-A753-4D815FC224EB}.Release|Any CPU.Build.0 = Release|Any CPU
		{4C491C9B-311A-4AFE-90CE-FA6D39F8DD82}.Debug|Any CPU.ActiveCfg = Debug|Any CPU
		{4C491C9B-311A-4AFE-90CE-FA6D39F8DD82}.Debug|Any CPU.Build.0 = Debug|Any CPU
		{4C491C9B-311A-4AFE-90CE-FA6D39F8DD82}.Release|Any CPU.ActiveCfg = Release|Any CPU
		{4C491C9B-311A-4AFE-90CE-FA6D39F8DD82}.Release|Any CPU.Build.0 = Release|Any CPU
		{749A8D7D-391C-44EE-AA6C-D5EDB4CC5162}.Debug|Any CPU.ActiveCfg = Debug|Any CPU
		{749A8D7D-391C-44EE-AA6C-D5EDB4CC5162}.Debug|Any CPU.Build.0 = Debug|Any CPU
		{749A8D7D-391C-44EE-AA6C-D5EDB4CC5162}.Release|Any CPU.ActiveCfg = Release|Any CPU
		{749A8D7D-391C-44EE-AA6C-D5EDB4CC5162}.Release|Any CPU.Build.0 = Release|Any CPU
		{4371C44C-9885-47FF-8EA5-263B320CABEA}.Debug|Any CPU.ActiveCfg = Debug|Any CPU
		{4371C44C-9885-47FF-8EA5-263B320CABEA}.Debug|Any CPU.Build.0 = Debug|Any CPU
		{4371C44C-9885-47FF-8EA5-263B320CABEA}.Release|Any CPU.ActiveCfg = Release|Any CPU
		{4371C44C-9885-47FF-8EA5-263B320CABEA}.Release|Any CPU.Build.0 = Release|Any CPU
	EndGlobalSection
	GlobalSection(SolutionProperties) = preSolution
		HideSolutionNode = FALSE
	EndGlobalSection
	GlobalSection(ExtensibilityGlobals) = postSolution
		SolutionGuid = {771B95A4-915A-4B59-B690-3112D90F2D48}
	EndGlobalSection
EndGlobal
